
Microsoft Visual Studio Solution File, Format Version 12.00
# Visual Studio Version 17
VisualStudioVersion = 17.3.32922.545
MinimumVisualStudioVersion = 10.0.40219.1
Project("{FAE04EC0-301F-11D3-BF4B-00C04F79EFBC}") = "ServiceBus.Sender", "ServiceBus.Sender\ServiceBus.Sender.csproj", "{9A985AC9-D241-4185-ACD9-6B78D1BD4454}"
EndProject
Project("{FAE04EC0-301F-11D3-BF4B-00C04F79EFBC}") = "ServiceBus.Receiver", "ServiceBus.Receiver\ServiceBus.Receiver.csproj", "{943F7E80-71A8-4F20-8196-32DB24732B6A}"
EndProject
Project("{FAE04EC0-301F-11D3-BF4B-00C04F79EFBC}") = "ServiceBus.Helper", "ServiceBus.Helper\ServiceBus.Helper.csproj", "{EAC468B2-B2E1-4A69-9DFE-3C96E5B720CE}"
EndProject
Global
	GlobalSection(SolutionConfigurationPlatforms) = preSolution
		Debug|Any CPU = Debug|Any CPU
		Release|Any CPU = Release|Any CPU
	EndGlobalSection
	GlobalSection(ProjectConfigurationPlatforms) = postSolution
		{9A985AC9-D241-4185-ACD9-6B78D1BD4454}.Debug|Any CPU.ActiveCfg = Debug|Any CPU
		{9A985AC9-D241-4185-ACD9-6B78D1BD4454}.Debug|Any CPU.Build.0 = Debug|Any CPU
		{9A985AC9-D241-4185-ACD9-6B78D1BD4454}.Release|Any CPU.ActiveCfg = Release|Any CPU
		{9A985AC9-D241-4185-ACD9-6B78D1BD4454}.Release|Any CPU.Build.0 = Release|Any CPU
		{943F7E80-71A8-4F20-8196-32DB24732B6A}.Debug|Any CPU.ActiveCfg = Debug|Any CPU
		{943F7E80-71A8-4F20-8196-32DB24732B6A}.Debug|Any CPU.Build.0 = Debug|Any CPU
		{943F7E80-71A8-4F20-8196-32DB24732B6A}.Release|Any CPU.ActiveCfg = Release|Any CPU
		{943F7E80-71A8-4F20-8196-32DB24732B6A}.Release|Any CPU.Build.0 = Release|Any CPU
		{EAC468B2-B2E1-4A69-9DFE-3C96E5B720CE}.Debug|Any CPU.ActiveCfg = Debug|Any CPU
		{EAC468B2-B2E1-4A69-9DFE-3C96E5B720CE}.Debug|Any CPU.Build.0 = Debug|Any CPU
		{EAC468B2-B2E1-4A69-9DFE-3C96E5B720CE}.Release|Any CPU.ActiveCfg = Release|Any CPU
		{EAC468B2-B2E1-4A69-9DFE-3C96E5B720CE}.Release|Any CPU.Build.0 = Release|Any CPU
	EndGlobalSection
	GlobalSection(SolutionProperties) = preSolution
		HideSolutionNode = FALSE
	EndGlobalSection
	GlobalSection(ExtensibilityGlobals) = postSolution
		SolutionGuid = {2EF05D40-E482-4785-AF75-D401BAFF7466}
	EndGlobalSection
EndGlobal
